// !$*UTF8*$!
{
	archiveVersion = 1;
	classes = {
	};
	objectVersion = 56;
	objects = {

/* Begin PBXBuildFile section */
		C243FD562CA10C1D00D93A5D /* AleyyaApp.swift in Sources */ = {isa = PBXBuildFile; fileRef = C243FD552CA10C1D00D93A5D /* AleyyaApp.swift */; };
		C243FD582CA10C1D00D93A5D /* ContentView.swift in Sources */ = {isa = PBXBuildFile; fileRef = C243FD572CA10C1D00D93A5D /* ContentView.swift */; };
		C243FD5A2CA10C1F00D93A5D /* Assets.xcassets in Resources */ = {isa = PBXBuildFile; fileRef = C243FD592CA10C1F00D93A5D /* Assets.xcassets */; };
		C243FD5D2CA10C1F00D93A5D /* Preview Assets.xcassets in Resources */ = {isa = PBXBuildFile; fileRef = C243FD5C2CA10C1F00D93A5D /* Preview Assets.xcassets */; };
		C243FD672CA10C1F00D93A5D /* AleyyaTests.swift in Sources */ = {isa = PBXBuildFile; fileRef = C243FD662CA10C1F00D93A5D /* AleyyaTests.swift */; };
		C243FD712CA10C1F00D93A5D /* AleyyaUITests.swift in Sources */ = {isa = PBXBuildFile; fileRef = C243FD702CA10C1F00D93A5D /* AleyyaUITests.swift */; };
		C243FD732CA10C1F00D93A5D /* AleyyaUITestsLaunchTests.swift in Sources */ = {isa = PBXBuildFile; fileRef = C243FD722CA10C1F00D93A5D /* AleyyaUITestsLaunchTests.swift */; };
		C243FD892CA10E1F00D93A5D /* View+Extensions.swift in Sources */ = {isa = PBXBuildFile; fileRef = C243FD7F2CA10E1F00D93A5D /* View+Extensions.swift */; };
		C243FD8A2CA10E1F00D93A5D /* ChatViewModel.swift in Sources */ = {isa = PBXBuildFile; fileRef = C243FD812CA10E1F00D93A5D /* ChatViewModel.swift */; };
		C243FD8B2CA10E1F00D93A5D /* NetworkService.swift in Sources */ = {isa = PBXBuildFile; fileRef = C243FD832CA10E1F00D93A5D /* NetworkService.swift */; };
		C243FD8C2CA10E1F00D93A5D /* ChatView.swift in Sources */ = {isa = PBXBuildFile; fileRef = C243FD852CA10E1F00D93A5D /* ChatView.swift */; };
		C243FD8D2CA10E1F00D93A5D /* MessageBubble.swift in Sources */ = {isa = PBXBuildFile; fileRef = C243FD862CA10E1F00D93A5D /* MessageBubble.swift */; };
		C243FD8E2CA10E1F00D93A5D /* ModelSelectionView.swift in Sources */ = {isa = PBXBuildFile; fileRef = C243FD872CA10E1F00D93A5D /* ModelSelectionView.swift */; };
		C243FD902CA117E200D93A5D /* SettingsView.swift in Sources */ = {isa = PBXBuildFile; fileRef = C243FD8F2CA117E100D93A5D /* SettingsView.swift */; };
/* End PBXBuildFile section */

/* Begin PBXContainerItemProxy section */
		C243FD632CA10C1F00D93A5D /* PBXContainerItemProxy */ = {
			isa = PBXContainerItemProxy;
			containerPortal = C243FD4A2CA10C1D00D93A5D /* Project object */;
			proxyType = 1;
			remoteGlobalIDString = C243FD512CA10C1D00D93A5D;
			remoteInfo = Aleyya;
		};
		C243FD6D2CA10C1F00D93A5D /* PBXContainerItemProxy */ = {
			isa = PBXContainerItemProxy;
			containerPortal = C243FD4A2CA10C1D00D93A5D /* Project object */;
			proxyType = 1;
			remoteGlobalIDString = C243FD512CA10C1D00D93A5D;
			remoteInfo = Aleyya;
		};
/* End PBXContainerItemProxy section */

/* Begin PBXFileReference section */
		C243FD522CA10C1D00D93A5D /* Aleyya.app */ = {isa = PBXFileReference; explicitFileType = wrapper.application; includeInIndex = 0; path = Aleyya.app; sourceTree = BUILT_PRODUCTS_DIR; };
		C243FD552CA10C1D00D93A5D /* AleyyaApp.swift */ = {isa = PBXFileReference; lastKnownFileType = sourcecode.swift; path = AleyyaApp.swift; sourceTree = "<group>"; };
		C243FD572CA10C1D00D93A5D /* ContentView.swift */ = {isa = PBXFileReference; lastKnownFileType = sourcecode.swift; path = ContentView.swift; sourceTree = "<group>"; };
		C243FD592CA10C1F00D93A5D /* Assets.xcassets */ = {isa = PBXFileReference; lastKnownFileType = folder.assetcatalog; path = Assets.xcassets; sourceTree = "<group>"; };
		C243FD5C2CA10C1F00D93A5D /* Preview Assets.xcassets */ = {isa = PBXFileReference; lastKnownFileType = folder.assetcatalog; path = "Preview Assets.xcassets"; sourceTree = "<group>"; };
		C243FD622CA10C1F00D93A5D /* AleyyaTests.xctest */ = {isa = PBXFileReference; explicitFileType = wrapper.cfbundle; includeInIndex = 0; path = AleyyaTests.xctest; sourceTree = BUILT_PRODUCTS_DIR; };
		C243FD662CA10C1F00D93A5D /* AleyyaTests.swift */ = {isa = PBXFileReference; lastKnownFileType = sourcecode.swift; path = AleyyaTests.swift; sourceTree = "<group>"; };
		C243FD6C2CA10C1F00D93A5D /* AleyyaUITests.xctest */ = {isa = PBXFileReference; explicitFileType = wrapper.cfbundle; includeInIndex = 0; path = AleyyaUITests.xctest; sourceTree = BUILT_PRODUCTS_DIR; };
		C243FD702CA10C1F00D93A5D /* AleyyaUITests.swift */ = {isa = PBXFileReference; lastKnownFileType = sourcecode.swift; path = AleyyaUITests.swift; sourceTree = "<group>"; };
		C243FD722CA10C1F00D93A5D /* AleyyaUITestsLaunchTests.swift */ = {isa = PBXFileReference; lastKnownFileType = sourcecode.swift; path = AleyyaUITestsLaunchTests.swift; sourceTree = "<group>"; };
		C243FD7F2CA10E1F00D93A5D /* View+Extensions.swift */ = {isa = PBXFileReference; fileEncoding = 4; lastKnownFileType = sourcecode.swift; path = "View+Extensions.swift"; sourceTree = "<group>"; };
		C243FD812CA10E1F00D93A5D /* ChatViewModel.swift */ = {isa = PBXFileReference; fileEncoding = 4; lastKnownFileType = sourcecode.swift; path = ChatViewModel.swift; sourceTree = "<group>"; };
		C243FD832CA10E1F00D93A5D /* NetworkService.swift */ = {isa = PBXFileReference; fileEncoding = 4; lastKnownFileType = sourcecode.swift; path = NetworkService.swift; sourceTree = "<group>"; };
		C243FD852CA10E1F00D93A5D /* ChatView.swift */ = {isa = PBXFileReference; fileEncoding = 4; lastKnownFileType = sourcecode.swift; path = ChatView.swift; sourceTree = "<group>"; };
		C243FD862CA10E1F00D93A5D /* MessageBubble.swift */ = {isa = PBXFileReference; fileEncoding = 4; lastKnownFileType = sourcecode.swift; path = MessageBubble.swift; sourceTree = "<group>"; };
		C243FD872CA10E1F00D93A5D /* ModelSelectionView.swift */ = {isa = PBXFileReference; fileEncoding = 4; lastKnownFileType = sourcecode.swift; path = ModelSelectionView.swift; sourceTree = "<group>"; };
		C243FD8F2CA117E100D93A5D /* SettingsView.swift */ = {isa = PBXFileReference; fileEncoding = 4; lastKnownFileType = sourcecode.swift; path = SettingsView.swift; sourceTree = "<group>"; };
		C243FD912CA11D1400D93A5D /* Info.plist */ = {isa = PBXFileReference; lastKnownFileType = text.plist; path = Info.plist; sourceTree = "<group>"; };
/* End PBXFileReference section */

/* Begin PBXFrameworksBuildPhase section */
		C243FD4F2CA10C1D00D93A5D /* Frameworks */ = {
			isa = PBXFrameworksBuildPhase;
			buildActionMask = 2147483647;
			files = (
			);
			runOnlyForDeploymentPostprocessing = 0;
		};
		C243FD5F2CA10C1F00D93A5D /* Frameworks */ = {
			isa = PBXFrameworksBuildPhase;
			buildActionMask = 2147483647;
			files = (
			);
			runOnlyForDeploymentPostprocessing = 0;
		};
		C243FD692CA10C1F00D93A5D /* Frameworks */ = {
			isa = PBXFrameworksBuildPhase;
			buildActionMask = 2147483647;
			files = (
			);
			runOnlyForDeploymentPostprocessing = 0;
		};
/* End PBXFrameworksBuildPhase section */

/* Begin PBXGroup section */
		C243FD492CA10C1D00D93A5D = {
			isa = PBXGroup;
			children = (
				C243FD542CA10C1D00D93A5D /* Aleyya */,
				C243FD652CA10C1F00D93A5D /* AleyyaTests */,
				C243FD6F2CA10C1F00D93A5D /* AleyyaUITests */,
				C243FD532CA10C1D00D93A5D /* Products */,
			);
			sourceTree = "<group>";
		};
		C243FD532CA10C1D00D93A5D /* Products */ = {
			isa = PBXGroup;
			children = (
				C243FD522CA10C1D00D93A5D /* Aleyya.app */,
				C243FD622CA10C1F00D93A5D /* AleyyaTests.xctest */,
				C243FD6C2CA10C1F00D93A5D /* AleyyaUITests.xctest */,
			);
			name = Products;
			sourceTree = "<group>";
		};
		C243FD542CA10C1D00D93A5D /* Aleyya */ = {
			isa = PBXGroup;
			children = (
				C243FD912CA11D1400D93A5D /* Info.plist */,
				C243FD802CA10E1F00D93A5D /* Extensions */,
				C243FD842CA10E1F00D93A5D /* Services */,
				C243FD822CA10E1F00D93A5D /* ViewModels */,
				C243FD882CA10E1F00D93A5D /* Views */,
				C243FD552CA10C1D00D93A5D /* AleyyaApp.swift */,
				C243FD572CA10C1D00D93A5D /* ContentView.swift */,
				C243FD592CA10C1F00D93A5D /* Assets.xcassets */,
				C243FD5B2CA10C1F00D93A5D /* Preview Content */,
			);
			path = Aleyya;
			sourceTree = "<group>";
		};
		C243FD5B2CA10C1F00D93A5D /* Preview Content */ = {
			isa = PBXGroup;
			children = (
				C243FD5C2CA10C1F00D93A5D /* Preview Assets.xcassets */,
			);
			path = "Preview Content";
			sourceTree = "<group>";
		};
		C243FD652CA10C1F00D93A5D /* AleyyaTests */ = {
			isa = PBXGroup;
			children = (
				C243FD662CA10C1F00D93A5D /* AleyyaTests.swift */,
			);
			path = AleyyaTests;
			sourceTree = "<group>";
		};
		C243FD6F2CA10C1F00D93A5D /* AleyyaUITests */ = {
			isa = PBXGroup;
			children = (
				C243FD702CA10C1F00D93A5D /* AleyyaUITests.swift */,
				C243FD722CA10C1F00D93A5D /* AleyyaUITestsLaunchTests.swift */,
			);
			path = AleyyaUITests;
			sourceTree = "<group>";
		};
		C243FD802CA10E1F00D93A5D /* Extensions */ = {
			isa = PBXGroup;
			children = (
				C243FD7F2CA10E1F00D93A5D /* View+Extensions.swift */,
			);
			path = Extensions;
			sourceTree = "<group>";
		};
		C243FD822CA10E1F00D93A5D /* ViewModels */ = {
			isa = PBXGroup;
			children = (
				C243FD812CA10E1F00D93A5D /* ChatViewModel.swift */,
			);
			path = ViewModels;
			sourceTree = "<group>";
		};
		C243FD842CA10E1F00D93A5D /* Services */ = {
			isa = PBXGroup;
			children = (
				C243FD832CA10E1F00D93A5D /* NetworkService.swift */,
			);
			path = Services;
			sourceTree = "<group>";
		};
		C243FD882CA10E1F00D93A5D /* Views */ = {
			isa = PBXGroup;
			children = (
				C243FD852CA10E1F00D93A5D /* ChatView.swift */,
				C243FD8F2CA117E100D93A5D /* SettingsView.swift */,
				C243FD862CA10E1F00D93A5D /* MessageBubble.swift */,
				C243FD872CA10E1F00D93A5D /* ModelSelectionView.swift */,
			);
			path = Views;
			sourceTree = "<group>";
		};
/* End PBXGroup section */

/* Begin PBXNativeTarget section */
		C243FD512CA10C1D00D93A5D /* Aleyya */ = {
			isa = PBXNativeTarget;
			buildConfigurationList = C243FD762CA10C1F00D93A5D /* Build configuration list for PBXNativeTarget "Aleyya" */;
			buildPhases = (
				C243FD4E2CA10C1D00D93A5D /* Sources */,
				C243FD4F2CA10C1D00D93A5D /* Frameworks */,
				C243FD502CA10C1D00D93A5D /* Resources */,
			);
			buildRules = (
			);
			dependencies = (
			);
			name = Aleyya;
			productName = Aleyya;
			productReference = C243FD522CA10C1D00D93A5D /* Aleyya.app */;
			productType = "com.apple.product-type.application";
		};
		C243FD612CA10C1F00D93A5D /* AleyyaTests */ = {
			isa = PBXNativeTarget;
			buildConfigurationList = C243FD792CA10C1F00D93A5D /* Build configuration list for PBXNativeTarget "AleyyaTests" */;
			buildPhases = (
				C243FD5E2CA10C1F00D93A5D /* Sources */,
				C243FD5F2CA10C1F00D93A5D /* Frameworks */,
				C243FD602CA10C1F00D93A5D /* Resources */,
			);
			buildRules = (
			);
			dependencies = (
				C243FD642CA10C1F00D93A5D /* PBXTargetDependency */,
			);
			name = AleyyaTests;
			productName = AleyyaTests;
			productReference = C243FD622CA10C1F00D93A5D /* AleyyaTests.xctest */;
			productType = "com.apple.product-type.bundle.unit-test";
		};
		C243FD6B2CA10C1F00D93A5D /* AleyyaUITests */ = {
			isa = PBXNativeTarget;
			buildConfigurationList = C243FD7C2CA10C1F00D93A5D /* Build configuration list for PBXNativeTarget "AleyyaUITests" */;
			buildPhases = (
				C243FD682CA10C1F00D93A5D /* Sources */,
				C243FD692CA10C1F00D93A5D /* Frameworks */,
				C243FD6A2CA10C1F00D93A5D /* Resources */,
			);
			buildRules = (
			);
			dependencies = (
				C243FD6E2CA10C1F00D93A5D /* PBXTargetDependency */,
			);
			name = AleyyaUITests;
			productName = AleyyaUITests;
			productReference = C243FD6C2CA10C1F00D93A5D /* AleyyaUITests.xctest */;
			productType = "com.apple.product-type.bundle.ui-testing";
		};
/* End PBXNativeTarget section */

/* Begin PBXProject section */
		C243FD4A2CA10C1D00D93A5D /* Project object */ = {
			isa = PBXProject;
			attributes = {
				BuildIndependentTargetsInParallel = 1;
				LastSwiftUpdateCheck = 1540;
				LastUpgradeCheck = 1540;
				TargetAttributes = {
					C243FD512CA10C1D00D93A5D = {
						CreatedOnToolsVersion = 15.4;
					};
					C243FD612CA10C1F00D93A5D = {
						CreatedOnToolsVersion = 15.4;
						TestTargetID = C243FD512CA10C1D00D93A5D;
					};
					C243FD6B2CA10C1F00D93A5D = {
						CreatedOnToolsVersion = 15.4;
						TestTargetID = C243FD512CA10C1D00D93A5D;
					};
				};
			};
			buildConfigurationList = C243FD4D2CA10C1D00D93A5D /* Build configuration list for PBXProject "Aleyya" */;
			compatibilityVersion = "Xcode 14.0";
			developmentRegion = en;
			hasScannedForEncodings = 0;
			knownRegions = (
				en,
				Base,
			);
			mainGroup = C243FD492CA10C1D00D93A5D;
			productRefGroup = C243FD532CA10C1D00D93A5D /* Products */;
			projectDirPath = "";
			projectRoot = "";
			targets = (
				C243FD512CA10C1D00D93A5D /* Aleyya */,
				C243FD612CA10C1F00D93A5D /* AleyyaTests */,
				C243FD6B2CA10C1F00D93A5D /* AleyyaUITests */,
			);
		};
/* End PBXProject section */

/* Begin PBXResourcesBuildPhase section */
		C243FD502CA10C1D00D93A5D /* Resources */ = {
			isa = PBXResourcesBuildPhase;
			buildActionMask = 2147483647;
			files = (
				C243FD5D2CA10C1F00D93A5D /* Preview Assets.xcassets in Resources */,
				C243FD5A2CA10C1F00D93A5D /* Assets.xcassets in Resources */,
			);
			runOnlyForDeploymentPostprocessing = 0;
		};
		C243FD602CA10C1F00D93A5D /* Resources */ = {
			isa = PBXResourcesBuildPhase;
			buildActionMask = 2147483647;
			files = (
			);
			runOnlyForDeploymentPostprocessing = 0;
		};
		C243FD6A2CA10C1F00D93A5D /* Resources */ = {
			isa = PBXResourcesBuildPhase;
			buildActionMask = 2147483647;
			files = (
			);
			runOnlyForDeploymentPostprocessing = 0;
		};
/* End PBXResourcesBuildPhase section */

/* Begin PBXSourcesBuildPhase section */
		C243FD4E2CA10C1D00D93A5D /* Sources */ = {
			isa = PBXSourcesBuildPhase;
			buildActionMask = 2147483647;
			files = (
				C243FD8B2CA10E1F00D93A5D /* NetworkService.swift in Sources */,
				C243FD582CA10C1D00D93A5D /* ContentView.swift in Sources */,
				C243FD892CA10E1F00D93A5D /* View+Extensions.swift in Sources */,
				C243FD902CA117E200D93A5D /* SettingsView.swift in Sources */,
				C243FD8D2CA10E1F00D93A5D /* MessageBubble.swift in Sources */,
				C243FD8A2CA10E1F00D93A5D /* ChatViewModel.swift in Sources */,
				C243FD8E2CA10E1F00D93A5D /* ModelSelectionView.swift in Sources */,
				C243FD8C2CA10E1F00D93A5D /* ChatView.swift in Sources */,
				C243FD562CA10C1D00D93A5D /* AleyyaApp.swift in Sources */,
			);
			runOnlyForDeploymentPostprocessing = 0;
		};
		C243FD5E2CA10C1F00D93A5D /* Sources */ = {
			isa = PBXSourcesBuildPhase;
			buildActionMask = 2147483647;
			files = (
				C243FD672CA10C1F00D93A5D /* AleyyaTests.swift in Sources */,
			);
			runOnlyForDeploymentPostprocessing = 0;
		};
		C243FD682CA10C1F00D93A5D /* Sources */ = {
			isa = PBXSourcesBuildPhase;
			buildActionMask = 2147483647;
			files = (
				C243FD712CA10C1F00D93A5D /* AleyyaUITests.swift in Sources */,
				C243FD732CA10C1F00D93A5D /* AleyyaUITestsLaunchTests.swift in Sources */,
			);
			runOnlyForDeploymentPostprocessing = 0;
		};
/* End PBXSourcesBuildPhase section */

/* Begin PBXTargetDependency section */
		C243FD642CA10C1F00D93A5D /* PBXTargetDependency */ = {
			isa = PBXTargetDependency;
			target = C243FD512CA10C1D00D93A5D /* Aleyya */;
			targetProxy = C243FD632CA10C1F00D93A5D /* PBXContainerItemProxy */;
		};
		C243FD6E2CA10C1F00D93A5D /* PBXTargetDependency */ = {
			isa = PBXTargetDependency;
			target = C243FD512CA10C1D00D93A5D /* Aleyya */;
			targetProxy = C243FD6D2CA10C1F00D93A5D /* PBXContainerItemProxy */;
		};
/* End PBXTargetDependency section */

/* Begin XCBuildConfiguration section */
		C243FD742CA10C1F00D93A5D /* Debug */ = {
			isa = XCBuildConfiguration;
			buildSettings = {
				ALWAYS_SEARCH_USER_PATHS = NO;
				ASSETCATALOG_COMPILER_GENERATE_SWIFT_ASSET_SYMBOL_EXTENSIONS = YES;
				CLANG_ANALYZER_NONNULL = YES;
				CLANG_ANALYZER_NUMBER_OBJECT_CONVERSION = YES_AGGRESSIVE;
				CLANG_CXX_LANGUAGE_STANDARD = "gnu++20";
				CLANG_ENABLE_MODULES = YES;
				CLANG_ENABLE_OBJC_ARC = YES;
				CLANG_ENABLE_OBJC_WEAK = YES;
				CLANG_WARN_BLOCK_CAPTURE_AUTORELEASING = YES;
				CLANG_WARN_BOOL_CONVERSION = YES;
				CLANG_WARN_COMMA = YES;
				CLANG_WARN_CONSTANT_CONVERSION = YES;
				CLANG_WARN_DEPRECATED_OBJC_IMPLEMENTATIONS = YES;
				CLANG_WARN_DIRECT_OBJC_ISA_USAGE = YES_ERROR;
				CLANG_WARN_DOCUMENTATION_COMMENTS = YES;
				CLANG_WARN_EMPTY_BODY = YES;
				CLANG_WARN_ENUM_CONVERSION = YES;
				CLANG_WARN_INFINITE_RECURSION = YES;
				CLANG_WARN_INT_CONVERSION = YES;
				CLANG_WARN_NON_LITERAL_NULL_CONVERSION = YES;
				CLANG_WARN_OBJC_IMPLICIT_RETAIN_SELF = YES;
				CLANG_WARN_OBJC_LITERAL_CONVERSION = YES;
				CLANG_WARN_OBJC_ROOT_CLASS = YES_ERROR;
				CLANG_WARN_QUOTED_INCLUDE_IN_FRAMEWORK_HEADER = YES;
				CLANG_WARN_RANGE_LOOP_ANALYSIS = YES;
				CLANG_WARN_STRICT_PROTOTYPES = YES;
				CLANG_WARN_SUSPICIOUS_MOVE = YES;
				CLANG_WARN_UNGUARDED_AVAILABILITY = YES_AGGRESSIVE;
				CLANG_WARN_UNREACHABLE_CODE = YES;
				CLANG_WARN__DUPLICATE_METHOD_MATCH = YES;
				COPY_PHASE_STRIP = NO;
				DEBUG_INFORMATION_FORMAT = dwarf;
				ENABLE_STRICT_OBJC_MSGSEND = YES;
				ENABLE_TESTABILITY = YES;
				ENABLE_USER_SCRIPT_SANDBOXING = YES;
				GCC_C_LANGUAGE_STANDARD = gnu17;
				GCC_DYNAMIC_NO_PIC = NO;
				GCC_NO_COMMON_BLOCKS = YES;
				GCC_OPTIMIZATION_LEVEL = 0;
				GCC_PREPROCESSOR_DEFINITIONS = (
					"DEBUG=1",
					"$(inherited)",
				);
				GCC_WARN_64_TO_32_BIT_CONVERSION = YES;
				GCC_WARN_ABOUT_RETURN_TYPE = YES_ERROR;
				GCC_WARN_UNDECLARED_SELECTOR = YES;
				GCC_WARN_UNINITIALIZED_AUTOS = YES_AGGRESSIVE;
				GCC_WARN_UNUSED_FUNCTION = YES;
				GCC_WARN_UNUSED_VARIABLE = YES;
				IPHONEOS_DEPLOYMENT_TARGET = 17.5;
				LOCALIZATION_PREFERS_STRING_CATALOGS = YES;
				MTL_ENABLE_DEBUG_INFO = INCLUDE_SOURCE;
				MTL_FAST_MATH = YES;
				ONLY_ACTIVE_ARCH = YES;
				SDKROOT = iphoneos;
				SWIFT_ACTIVE_COMPILATION_CONDITIONS = "DEBUG $(inherited)";
				SWIFT_OPTIMIZATION_LEVEL = "-Onone";
			};
			name = Debug;
		};
		C243FD752CA10C1F00D93A5D /* Release */ = {
			isa = XCBuildConfiguration;
			buildSettings = {
				ALWAYS_SEARCH_USER_PATHS = NO;
				ASSETCATALOG_COMPILER_GENERATE_SWIFT_ASSET_SYMBOL_EXTENSIONS = YES;
				CLANG_ANALYZER_NONNULL = YES;
				CLANG_ANALYZER_NUMBER_OBJECT_CONVERSION = YES_AGGRESSIVE;
				CLANG_CXX_LANGUAGE_STANDARD = "gnu++20";
				CLANG_ENABLE_MODULES = YES;
				CLANG_ENABLE_OBJC_ARC = YES;
				CLANG_ENABLE_OBJC_WEAK = YES;
				CLANG_WARN_BLOCK_CAPTURE_AUTORELEASING = YES;
				CLANG_WARN_BOOL_CONVERSION = YES;
				CLANG_WARN_COMMA = YES;
				CLANG_WARN_CONSTANT_CONVERSION = YES;
				CLANG_WARN_DEPRECATED_OBJC_IMPLEMENTATIONS = YES;
				CLANG_WARN_DIRECT_OBJC_ISA_USAGE = YES_ERROR;
				CLANG_WARN_DOCUMENTATION_COMMENTS = YES;
				CLANG_WARN_EMPTY_BODY = YES;
				CLANG_WARN_ENUM_CONVERSION = YES;
				CLANG_WARN_INFINITE_RECURSION = YES;
				CLANG_WARN_INT_CONVERSION = YES;
				CLANG_WARN_NON_LITERAL_NULL_CONVERSION = YES;
				CLANG_WARN_OBJC_IMPLICIT_RETAIN_SELF = YES;
				CLANG_WARN_OBJC_LITERAL_CONVERSION = YES;
				CLANG_WARN_OBJC_ROOT_CLASS = YES_ERROR;
				CLANG_WARN_QUOTED_INCLUDE_IN_FRAMEWORK_HEADER = YES;
				CLANG_WARN_RANGE_LOOP_ANALYSIS = YES;
				CLANG_WARN_STRICT_PROTOTYPES = YES;
				CLANG_WARN_SUSPICIOUS_MOVE = YES;
				CLANG_WARN_UNGUARDED_AVAILABILITY = YES_AGGRESSIVE;
				CLANG_WARN_UNREACHABLE_CODE = YES;
				CLANG_WARN__DUPLICATE_METHOD_MATCH = YES;
				COPY_PHASE_STRIP = NO;
				DEBUG_INFORMATION_FORMAT = "dwarf-with-dsym";
				ENABLE_NS_ASSERTIONS = NO;
				ENABLE_STRICT_OBJC_MSGSEND = YES;
				ENABLE_USER_SCRIPT_SANDBOXING = YES;
				GCC_C_LANGUAGE_STANDARD = gnu17;
				GCC_NO_COMMON_BLOCKS = YES;
				GCC_WARN_64_TO_32_BIT_CONVERSION = YES;
				GCC_WARN_ABOUT_RETURN_TYPE = YES_ERROR;
				GCC_WARN_UNDECLARED_SELECTOR = YES;
				GCC_WARN_UNINITIALIZED_AUTOS = YES_AGGRESSIVE;
				GCC_WARN_UNUSED_FUNCTION = YES;
				GCC_WARN_UNUSED_VARIABLE = YES;
				IPHONEOS_DEPLOYMENT_TARGET = 17.5;
				LOCALIZATION_PREFERS_STRING_CATALOGS = YES;
				MTL_ENABLE_DEBUG_INFO = NO;
				MTL_FAST_MATH = YES;
				SDKROOT = iphoneos;
				SWIFT_COMPILATION_MODE = wholemodule;
				VALIDATE_PRODUCT = YES;
			};
			name = Release;
		};
		C243FD772CA10C1F00D93A5D /* Debug */ = {
			isa = XCBuildConfiguration;
			buildSettings = {
				ASSETCATALOG_COMPILER_APPICON_NAME = AppIcon;
				ASSETCATALOG_COMPILER_GLOBAL_ACCENT_COLOR_NAME = AccentColor;
				CODE_SIGN_STYLE = Automatic;
				CURRENT_PROJECT_VERSION = 1;
				DEVELOPMENT_ASSET_PATHS = "\"Aleyya/Preview Content\"";
				DEVELOPMENT_TEAM = 2D88RBYB8H;
				ENABLE_PREVIEWS = YES;
				GENERATE_INFOPLIST_FILE = YES;
				INFOPLIST_FILE = Aleyya/Info.plist;
				INFOPLIST_KEY_UIApplicationSceneManifest_Generation = YES;
				INFOPLIST_KEY_UIApplicationSupportsIndirectInputEvents = YES;
				INFOPLIST_KEY_UILaunchScreen_Generation = YES;
				INFOPLIST_KEY_UISupportedInterfaceOrientations_iPad = "UIInterfaceOrientationPortrait UIInterfaceOrientationPortraitUpsideDown UIInterfaceOrientationLandscapeLeft UIInterfaceOrientationLandscapeRight";
				INFOPLIST_KEY_UISupportedInterfaceOrientations_iPhone = "UIInterfaceOrientationPortrait UIInterfaceOrientationLandscapeLeft UIInterfaceOrientationLandscapeRight";
				LD_RUNPATH_SEARCH_PATHS = (
					"$(inherited)",
					"@executable_path/Frameworks",
				);
				MARKETING_VERSION = 1.0;
				PRODUCT_BUNDLE_IDENTIFIER = com.nicecoder.Aleyya;
				PRODUCT_NAME = "$(TARGET_NAME)";
				SWIFT_EMIT_LOC_STRINGS = YES;
				SWIFT_VERSION = 5.0;
				TARGETED_DEVICE_FAMILY = "1,2";
			};
			name = Debug;
		};
		C243FD782CA10C1F00D93A5D /* Release */ = {
			isa = XCBuildConfiguration;
			buildSettings = {
				ASSETCATALOG_COMPILER_APPICON_NAME = AppIcon;
				ASSETCATALOG_COMPILER_GLOBAL_ACCENT_COLOR_NAME = AccentColor;
				CODE_SIGN_STYLE = Automatic;
				CURRENT_PROJECT_VERSION = 1;
				DEVELOPMENT_ASSET_PATHS = "\"Aleyya/Preview Content\"";
				DEVELOPMENT_TEAM = 2D88RBYB8H;
				ENABLE_PREVIEWS = YES;
				GENERATE_INFOPLIST_FILE = YES;
				INFOPLIST_FILE = Aleyya/Info.plist;
				INFOPLIST_KEY_UIApplicationSceneManifest_Generation = YES;
				INFOPLIST_KEY_UIApplicationSupportsIndirectInputEvents = YES;
				INFOPLIST_KEY_UILaunchScreen_Generation = YES;
				INFOPLIST_KEY_UISupportedInterfaceOrientations_iPad = "UIInterfaceOrientationPortrait UIInterfaceOrientationPortraitUpsideDown UIInterfaceOrientationLandscapeLeft UIInterfaceOrientationLandscapeRight";
				INFOPLIST_KEY_UISupportedInterfaceOrientations_iPhone = "UIInterfaceOrientationPortrait UIInterfaceOrientationLandscapeLeft UIInterfaceOrientationLandscapeRight";
				LD_RUNPATH_SEARCH_PATHS = (
					"$(inherited)",
					"@executable_path/Frameworks",
				);
				MARKETING_VERSION = 1.0;
				PRODUCT_BUNDLE_IDENTIFIER = com.nicecoder.Aleyya;
				PRODUCT_NAME = "$(TARGET_NAME)";
				SWIFT_EMIT_LOC_STRINGS = YES;
				SWIFT_VERSION = 5.0;
				TARGETED_DEVICE_FAMILY = "1,2";
			};
			name = Release;
		};
		C243FD7A2CA10C1F00D93A5D /* Debug */ = {
			isa = XCBuildConfiguration;
			buildSettings = {
				ALWAYS_EMBED_SWIFT_STANDARD_LIBRARIES = YES;
				BUNDLE_LOADER = "$(TEST_HOST)";
				CODE_SIGN_STYLE = Automatic;
				CURRENT_PROJECT_VERSION = 1;
				DEVELOPMENT_TEAM = 2D88RBYB8H;
				GENERATE_INFOPLIST_FILE = YES;
				IPHONEOS_DEPLOYMENT_TARGET = 17.5;
				MARKETING_VERSION = 1.0;
				PRODUCT_BUNDLE_IDENTIFIER = com.nicecoder.AleyyaTests;
				PRODUCT_NAME = "$(TARGET_NAME)";
				SWIFT_EMIT_LOC_STRINGS = NO;
				SWIFT_VERSION = 5.0;
				TARGETED_DEVICE_FAMILY = "1,2";
				TEST_HOST = "$(BUILT_PRODUCTS_DIR)/Aleyya.app/$(BUNDLE_EXECUTABLE_FOLDER_PATH)/Aleyya";
			};
			name = Debug;
		};
		C243FD7B2CA10C1F00D93A5D /* Release */ = {
			isa = XCBuildConfiguration;
			buildSettings = {
				ALWAYS_EMBED_SWIFT_STANDARD_LIBRARIES = YES;
				BUNDLE_LOADER = "$(TEST_HOST)";
				CODE_SIGN_STYLE = Automatic;
				CURRENT_PROJECT_VERSION = 1;
				DEVELOPMENT_TEAM = 2D88RBYB8H;
				GENERATE_INFOPLIST_FILE = YES;
				IPHONEOS_DEPLOYMENT_TARGET = 17.5;
				MARKETING_VERSION = 1.0;
				PRODUCT_BUNDLE_IDENTIFIER = com.nicecoder.AleyyaTests;
				PRODUCT_NAME = "$(TARGET_NAME)";
				SWIFT_EMIT_LOC_STRINGS = NO;
				SWIFT_VERSION = 5.0;
				TARGETED_DEVICE_FAMILY = "1,2";
				TEST_HOST = "$(BUILT_PRODUCTS_DIR)/Aleyya.app/$(BUNDLE_EXECUTABLE_FOLDER_PATH)/Aleyya";
			};
			name = Release;
		};
		C243FD7D2CA10C1F00D93A5D /* Debug */ = {
			isa = XCBuildConfiguration;
			buildSettings = {
				ALWAYS_EMBED_SWIFT_STANDARD_LIBRARIES = YES;
				CODE_SIGN_STYLE = Automatic;
				CURRENT_PROJECT_VERSION = 1;
				DEVELOPMENT_TEAM = 2D88RBYB8H;
				GENERATE_INFOPLIST_FILE = YES;
				MARKETING_VERSION = 1.0;
				PRODUCT_BUNDLE_IDENTIFIER = com.nicecoder.AleyyaUITests;
				PRODUCT_NAME = "$(TARGET_NAME)";
				SWIFT_EMIT_LOC_STRINGS = NO;
				SWIFT_VERSION = 5.0;
				TARGETED_DEVICE_FAMILY = "1,2";
				TEST_TARGET_NAME = Aleyya;
			};
			name = Debug;
		};
		C243FD7E2CA10C1F00D93A5D /* Release */ = {
			isa = XCBuildConfiguration;
			buildSettings = {
				ALWAYS_EMBED_SWIFT_STANDARD_LIBRARIES = YES;
				CODE_SIGN_STYLE = Automatic;
				CURRENT_PROJECT_VERSION = 1;
				DEVELOPMENT_TEAM = 2D88RBYB8H;
				GENERATE_INFOPLIST_FILE = YES;
				MARKETING_VERSION = 1.0;
				PRODUCT_BUNDLE_IDENTIFIER = com.nicecoder.AleyyaUITests;
				PRODUCT_NAME = "$(TARGET_NAME)";
				SWIFT_EMIT_LOC_STRINGS = NO;
				SWIFT_VERSION = 5.0;
				TARGETED_DEVICE_FAMILY = "1,2";
				TEST_TARGET_NAME = Aleyya;
			};
			name = Release;
		};
/* End XCBuildConfiguration section */

/* Begin XCConfigurationList section */
		C243FD4D2CA10C1D00D93A5D /* Build configuration list for PBXProject "Aleyya" */ = {
			isa = XCConfigurationList;
			buildConfigurations = (
				C243FD742CA10C1F00D93A5D /* Debug */,
				C243FD752CA10C1F00D93A5D /* Release */,
			);
			defaultConfigurationIsVisible = 0;
			defaultConfigurationName = Release;
		};
		C243FD762CA10C1F00D93A5D /* Build configuration list for PBXNativeTarget "Aleyya" */ = {
			isa = XCConfigurationList;
			buildConfigurations = (
				C243FD772CA10C1F00D93A5D /* Debug */,
				C243FD782CA10C1F00D93A5D /* Release */,
			);
			defaultConfigurationIsVisible = 0;
			defaultConfigurationName = Release;
		};
		C243FD792CA10C1F00D93A5D /* Build configuration list for PBXNativeTarget "AleyyaTests" */ = {
			isa = XCConfigurationList;
			buildConfigurations = (
				C243FD7A2CA10C1F00D93A5D /* Debug */,
				C243FD7B2CA10C1F00D93A5D /* Release */,
			);
			defaultConfigurationIsVisible = 0;
			defaultConfigurationName = Release;
		};
		C243FD7C2CA10C1F00D93A5D /* Build configuration list for PBXNativeTarget "AleyyaUITests" */ = {
			isa = XCConfigurationList;
			buildConfigurations = (
				C243FD7D2CA10C1F00D93A5D /* Debug */,
				C243FD7E2CA10C1F00D93A5D /* Release */,
			);
			defaultConfigurationIsVisible = 0;
			defaultConfigurationName = Release;
		};
/* End XCConfigurationList section */
	};
	rootObject = C243FD4A2CA10C1D00D93A5D /* Project object */;
}
